
Microsoft Visual Studio Solution File, Format Version 12.00
# Visual Studio Version 17
VisualStudioVersion = 17.9.34728.123
MinimumVisualStudioVersion = 10.0.40219.1
Project("{9A19103F-16F7-4668-BE54-9A1E7A4F7556}") = "TruongDinhQuan_QuanLyThuVien", "TruongDinhQuan_QuanLyThuVien\TruongDinhQuan_QuanLyThuVien.csproj", "{040E6DA3-2425-4ECA-A851-ADAED411E89C}"
EndProject
Global
	GlobalSection(SolutionConfigurationPlatforms) = preSolution
		Debug|Any CPU = Debug|Any CPU
		Release|Any CPU = Release|Any CPU
	EndGlobalSection
	GlobalSection(ProjectConfigurationPlatforms) = postSolution
		{040E6DA3-2425-4ECA-A851-ADAED411E89C}.Debug|Any CPU.ActiveCfg = Debug|Any CPU
		{040E6DA3-2425-4ECA-A851-ADAED411E89C}.Debug|Any CPU.Build.0 = Debug|Any CPU
		{040E6DA3-2425-4ECA-A851-ADAED411E89C}.Release|Any CPU.ActiveCfg = Release|Any CPU
		{040E6DA3-2425-4ECA-A851-ADAED411E89C}.Release|Any CPU.Build.0 = Release|Any CPU
	EndGlobalSection
	GlobalSection(SolutionProperties) = preSolution
		HideSolutionNode = FALSE
	EndGlobalSection
	GlobalSection(ExtensibilityGlobals) = postSolution
		SolutionGuid = {230982FD-226C-4612-A26B-B0C289A42238}
	EndGlobalSection
EndGlobal
